Microsoft Visual Studio Solution File, Format Version 11.00
# Visual Studio 2008

Project("{DD68923A-5090-DCB2-8965-47119C15F91F}") = "Degree Final Project", "Assembly-CSharp.csproj", "{3B7E1181-0BFD-9A5C-5EF1-990F18095008}"
EndProject
Global
	GlobalSection(SolutionConfigurationPlatforms) = preSolution
		Debug|Any CPU = Debug|Any CPU
		Release|Any CPU = Release|Any CPU
	EndGlobalSection
	GlobalSection(ProjectConfigurationPlatforms) = postSolution
		{3B7E1181-0BFD-9A5C-5EF1-990F18095008}.Debug|Any CPU.ActiveCfg = Debug|Any CPU
		{3B7E1181-0BFD-9A5C-5EF1-990F18095008}.Debug|Any CPU.Build.0 = Debug|Any CPU
		{3B7E1181-0BFD-9A5C-5EF1-990F18095008}.Release|Any CPU.ActiveCfg = Release|Any CPU
		{3B7E1181-0BFD-9A5C-5EF1-990F18095008}.Release|Any CPU.Build.0 = Release|Any CPU
	EndGlobalSection
	GlobalSection(SolutionProperties) = preSolution
		HideSolutionNode = FALSE
	EndGlobalSection
	GlobalSection(MonoDevelopProperties) = preSolution
		StartupItem = Assembly-CSharp.csproj
	EndGlobalSection
EndGlobal
